
Microsoft Visual Studio Solution File, Format Version 12.00
# Visual Studio Version 17
VisualStudioVersion = 17.0.31903.59
MinimumVisualStudioVersion = 10.0.40219.1
Project("{FAE04EC0-301F-11D3-BF4B-00C04F79EFBC}") = "HRM.WebMVCApp", "HRM.WebMVCApp\HRM.WebMVCApp.csproj", "{035A81B0-4A8F-463F-9221-32AB3426615C}"
EndProject
Project("{FAE04EC0-301F-11D3-BF4B-00C04F79EFBC}") = "HRM.Infrastructure", "HRM.Infrastructure\HRM.Infrastructure.csproj", "{F9099BA8-0D3A-44E0-8FEE-110D94CD6478}"
EndProject
Project("{FAE04EC0-301F-11D3-BF4B-00C04F79EFBC}") = "HRM.ApplicationCore", "HRM.ApplicationCore\HRM.ApplicationCore.csproj", "{4FEE404C-6D36-4908-8C70-5E2A53DDDB72}"
EndProject
Global
	GlobalSection(SolutionConfigurationPlatforms) = preSolution
		Debug|Any CPU = Debug|Any CPU
		Release|Any CPU = Release|Any CPU
	EndGlobalSection
	GlobalSection(ProjectConfigurationPlatforms) = postSolution
		{035A81B0-4A8F-463F-9221-32AB3426615C}.Debug|Any CPU.ActiveCfg = Debug|Any CPU
		{035A81B0-4A8F-463F-9221-32AB3426615C}.Debug|Any CPU.Build.0 = Debug|Any CPU
		{035A81B0-4A8F-463F-9221-32AB3426615C}.Release|Any CPU.ActiveCfg = Release|Any CPU
		{035A81B0-4A8F-463F-9221-32AB3426615C}.Release|Any CPU.Build.0 = Release|Any CPU
		{F9099BA8-0D3A-44E0-8FEE-110D94CD6478}.Debug|Any CPU.ActiveCfg = Debug|Any CPU
		{F9099BA8-0D3A-44E0-8FEE-110D94CD6478}.Debug|Any CPU.Build.0 = Debug|Any CPU
		{F9099BA8-0D3A-44E0-8FEE-110D94CD6478}.Release|Any CPU.ActiveCfg = Release|Any CPU
		{F9099BA8-0D3A-44E0-8FEE-110D94CD6478}.Release|Any CPU.Build.0 = Release|Any CPU
		{4FEE404C-6D36-4908-8C70-5E2A53DDDB72}.Debug|Any CPU.ActiveCfg = Debug|Any CPU
		{4FEE404C-6D36-4908-8C70-5E2A53DDDB72}.Debug|Any CPU.Build.0 = Debug|Any CPU
		{4FEE404C-6D36-4908-8C70-5E2A53DDDB72}.Release|Any CPU.ActiveCfg = Release|Any CPU
		{4FEE404C-6D36-4908-8C70-5E2A53DDDB72}.Release|Any CPU.Build.0 = Release|Any CPU
	EndGlobalSection
	GlobalSection(SolutionProperties) = preSolution
		HideSolutionNode = FALSE
	EndGlobalSection
	GlobalSection(ExtensibilityGlobals) = postSolution
		SolutionGuid = {17076E00-E02A-4518-8300-345C25BFC1CC}
	EndGlobalSection
EndGlobal
